Microsoft Visual Studio Solution File, Format Version 12.00
# Visual Studio 15
VisualStudioVersion = 15.0.26430.15
MinimumVisualStudioVersion = 10.0.40219.1
Project("{FAE04EC0-301F-11D3-BF4B-00C04F79EFBC}") = "WorldOfTheThreeKingdoms", "WorldOfTheThreeKingdoms\WorldOfTheThreeKingdoms.csproj", "{52FD868B-F5EF-4756-B506-591F59CC0F43}"
EndProject
Project("{FAE04EC0-301F-11D3-BF4B-00C04F79EFBC}") = "WorldOfTheThreeKingdoms.Desktop", "WorldOfTheThreeKingdoms.Desktop\WorldOfTheThreeKingdoms.Desktop.csproj", "{BD8E782A-7491-42FB-BB5F-8F4BFB57CC33}"
EndProject
Project("{FAE04EC0-301F-11D3-BF4B-00C04F79EFBC}") = "WorldOfTheThreeKingdomsEditor", "WorldOfTheThreeKingdomsEditor\WorldOfTheThreeKingdomsEditor.csproj", "{A9E750FB-CAC9-4820-BDF2-0D432134960C}"
EndProject
Project("{FAE04EC0-301F-11D3-BF4B-00C04F79EFBC}") = "剧本存档转换工具", "json and excel\json and excel.csproj", "{1A91CB8F-7033-4C17-9150-DE5BD0944906}"
EndProject
Global
	GlobalSection(SolutionConfigurationPlatforms) = preSolution
		Debug|Any CPU = Debug|Any CPU
		Debug|x64 = Debug|x64
		Debug|x86 = Debug|x86
		Release|Any CPU = Release|Any CPU
		Release|x64 = Release|x64
		Release|x86 = Release|x86
		ReleaseNET20|Any CPU = ReleaseNET20|Any CPU
		ReleaseNET20|x64 = ReleaseNET20|x64
		ReleaseNET20|x86 = ReleaseNET20|x86
	EndGlobalSection
	GlobalSection(ProjectConfigurationPlatforms) = postSolution
		{52FD868B-F5EF-4756-B506-591F59CC0F43}.Debug|Any CPU.ActiveCfg = Debug|x86
		{52FD868B-F5EF-4756-B506-591F59CC0F43}.Debug|Any CPU.Build.0 = Debug|x86
		{52FD868B-F5EF-4756-B506-591F59CC0F43}.Debug|x64.ActiveCfg = Debug|x64
		{52FD868B-F5EF-4756-B506-591F59CC0F43}.Debug|x64.Build.0 = Debug|x64
		{52FD868B-F5EF-4756-B506-591F59CC0F43}.Debug|x86.ActiveCfg = Debug|x86
		{52FD868B-F5EF-4756-B506-591F59CC0F43}.Debug|x86.Build.0 = Debug|x86
		{52FD868B-F5EF-4756-B506-591F59CC0F43}.Release|Any CPU.ActiveCfg = Release|x86
		{52FD868B-F5EF-4756-B506-591F59CC0F43}.Release|x64.ActiveCfg = Release|x64
		{52FD868B-F5EF-4756-B506-591F59CC0F43}.Release|x64.Build.0 = Release|x64
		{52FD868B-F5EF-4756-B506-591F59CC0F43}.Release|x86.ActiveCfg = Release|x86
		{52FD868B-F5EF-4756-B506-591F59CC0F43}.Release|x86.Build.0 = Release|x86
		{52FD868B-F5EF-4756-B506-591F59CC0F43}.ReleaseNET20|Any CPU.ActiveCfg = Debug|x64
		{52FD868B-F5EF-4756-B506-591F59CC0F43}.ReleaseNET20|Any CPU.Build.0 = Debug|x64
		{52FD868B-F5EF-4756-B506-591F59CC0F43}.ReleaseNET20|x64.ActiveCfg = Release|x64
		{52FD868B-F5EF-4756-B506-591F59CC0F43}.ReleaseNET20|x64.Build.0 = Release|x64
		{52FD868B-F5EF-4756-B506-591F59CC0F43}.ReleaseNET20|x86.ActiveCfg = Release|x86
		{52FD868B-F5EF-4756-B506-591F59CC0F43}.ReleaseNET20|x86.Build.0 = Release|x86
		{BD8E782A-7491-42FB-BB5F-8F4BFB57CC33}.Debug|Any CPU.ActiveCfg = Debug|Any CPU
		{BD8E782A-7491-42FB-BB5F-8F4BFB57CC33}.Debug|Any CPU.Build.0 = Debug|Any CPU
		{BD8E782A-7491-42FB-BB5F-8F4BFB57CC33}.Debug|x64.ActiveCfg = Debug|Any CPU
		{BD8E782A-7491-42FB-BB5F-8F4BFB57CC33}.Debug|x64.Build.0 = Debug|Any CPU
		{BD8E782A-7491-42FB-BB5F-8F4BFB57CC33}.Debug|x86.ActiveCfg = Debug|Any CPU
		{BD8E782A-7491-42FB-BB5F-8F4BFB57CC33}.Release|Any CPU.ActiveCfg = Release|Any CPU
		{BD8E782A-7491-42FB-BB5F-8F4BFB57CC33}.Release|Any CPU.Build.0 = Release|Any CPU
		{BD8E782A-7491-42FB-BB5F-8F4BFB57CC33}.Release|x64.ActiveCfg = Release|Any CPU
		{BD8E782A-7491-42FB-BB5F-8F4BFB57CC33}.Release|x64.Build.0 = Release|Any CPU
		{BD8E782A-7491-42FB-BB5F-8F4BFB57CC33}.Release|x86.ActiveCfg = Release|Any CPU
		{BD8E782A-7491-42FB-BB5F-8F4BFB57CC33}.Release|x86.Build.0 = Release|Any CPU
		{BD8E782A-7491-42FB-BB5F-8F4BFB57CC33}.ReleaseNET20|Any CPU.ActiveCfg = Release|Any CPU
		{BD8E782A-7491-42FB-BB5F-8F4BFB57CC33}.ReleaseNET20|Any CPU.Build.0 = Release|Any CPU
		{BD8E782A-7491-42FB-BB5F-8F4BFB57CC33}.ReleaseNET20|x64.ActiveCfg = Release|Any CPU
		{BD8E782A-7491-42FB-BB5F-8F4BFB57CC33}.ReleaseNET20|x64.Build.0 = Release|Any CPU
		{BD8E782A-7491-42FB-BB5F-8F4BFB57CC33}.ReleaseNET20|x86.ActiveCfg = Release|Any CPU
		{BD8E782A-7491-42FB-BB5F-8F4BFB57CC33}.ReleaseNET20|x86.Build.0 = Release|Any CPU
		{A9E750FB-CAC9-4820-BDF2-0D432134960C}.Debug|Any CPU.ActiveCfg = Debug|Any CPU
		{A9E750FB-CAC9-4820-BDF2-0D432134960C}.Debug|Any CPU.Build.0 = Debug|Any CPU
		{A9E750FB-CAC9-4820-BDF2-0D432134960C}.Debug|x64.ActiveCfg = Debug|x64
		{A9E750FB-CAC9-4820-BDF2-0D432134960C}.Debug|x64.Build.0 = Debug|x64
		{A9E750FB-CAC9-4820-BDF2-0D432134960C}.Debug|x86.ActiveCfg = Debug|Any CPU
		{A9E750FB-CAC9-4820-BDF2-0D432134960C}.Debug|x86.Build.0 = Debug|Any CPU
		{A9E750FB-CAC9-4820-BDF2-0D432134960C}.Release|Any CPU.ActiveCfg = Release|Any CPU
		{A9E750FB-CAC9-4820-BDF2-0D432134960C}.Release|Any CPU.Build.0 = Release|Any CPU
		{A9E750FB-CAC9-4820-BDF2-0D432134960C}.Release|x64.ActiveCfg = Release|x64
		{A9E750FB-CAC9-4820-BDF2-0D432134960C}.Release|x64.Build.0 = Release|x64
		{A9E750FB-CAC9-4820-BDF2-0D432134960C}.Release|x86.ActiveCfg = Release|Any CPU
		{A9E750FB-CAC9-4820-BDF2-0D432134960C}.Release|x86.Build.0 = Release|Any CPU
		{A9E750FB-CAC9-4820-BDF2-0D432134960C}.ReleaseNET20|Any CPU.ActiveCfg = Release|Any CPU
		{A9E750FB-CAC9-4820-BDF2-0D432134960C}.ReleaseNET20|Any CPU.Build.0 = Release|Any CPU
		{A9E750FB-CAC9-4820-BDF2-0D432134960C}.ReleaseNET20|x64.ActiveCfg = Release|x64
		{A9E750FB-CAC9-4820-BDF2-0D432134960C}.ReleaseNET20|x64.Build.0 = Release|x64
		{A9E750FB-CAC9-4820-BDF2-0D432134960C}.ReleaseNET20|x86.ActiveCfg = Release|Any CPU
		{A9E750FB-CAC9-4820-BDF2-0D432134960C}.ReleaseNET20|x86.Build.0 = Release|Any CPU
		{1A91CB8F-7033-4C17-9150-DE5BD0944906}.Debug|Any CPU.ActiveCfg = Debug|Any CPU
		{1A91CB8F-7033-4C17-9150-DE5BD0944906}.Debug|Any CPU.Build.0 = Debug|Any CPU
		{1A91CB8F-7033-4C17-9150-DE5BD0944906}.Debug|x64.ActiveCfg = Debug|x64
		{1A91CB8F-7033-4C17-9150-DE5BD0944906}.Debug|x64.Build.0 = Debug|x64
		{1A91CB8F-7033-4C17-9150-DE5BD0944906}.Debug|x86.ActiveCfg = Debug|Any CPU
		{1A91CB8F-7033-4C17-9150-DE5BD0944906}.Debug|x86.Build.0 = Debug|Any CPU
		{1A91CB8F-7033-4C17-9150-DE5BD0944906}.Release|Any CPU.ActiveCfg = Release|Any CPU
		{1A91CB8F-7033-4C17-9150-DE5BD0944906}.Release|Any CPU.Build.0 = Release|Any CPU
		{1A91CB8F-7033-4C17-9150-DE5BD0944906}.Release|x64.ActiveCfg = Release|x64
		{1A91CB8F-7033-4C17-9150-DE5BD0944906}.Release|x64.Build.0 = Release|x64
		{1A91CB8F-7033-4C17-9150-DE5BD0944906}.Release|x86.ActiveCfg = Release|Any CPU
		{1A91CB8F-7033-4C17-9150-DE5BD0944906}.Release|x86.Build.0 = Release|Any CPU
		{1A91CB8F-7033-4C17-9150-DE5BD0944906}.ReleaseNET20|Any CPU.ActiveCfg = Release|Any CPU
		{1A91CB8F-7033-4C17-9150-DE5BD0944906}.ReleaseNET20|Any CPU.Build.0 = Release|Any CPU
		{1A91CB8F-7033-4C17-9150-DE5BD0944906}.ReleaseNET20|x64.ActiveCfg = Release|x64
		{1A91CB8F-7033-4C17-9150-DE5BD0944906}.ReleaseNET20|x64.Build.0 = Release|x64
		{1A91CB8F-7033-4C17-9150-DE5BD0944906}.ReleaseNET20|x86.ActiveCfg = Release|Any CPU
		{1A91CB8F-7033-4C17-9150-DE5BD0944906}.ReleaseNET20|x86.Build.0 = Release|Any CPU
	EndGlobalSection
	GlobalSection(SolutionProperties) = preSolution
		HideSolutionNode = FALSE
	EndGlobalSection
	GlobalSection(ExtensibilityGlobals) = postSolution
		SolutionGuid = {22D2F2CD-F3DD-4609-8CCA-2255F797A5B1}
	EndGlobalSection
	GlobalSection(Performance) = preSolution
		HasPerformanceSessions = true
	EndGlobalSection
EndGlobal